version = 1
revision = 3
requires-python = "==3.10.*"

[[package]]
name = "annotated-doc"
version = "0.0.5"
source = { registry = "https://pypi.org/simple" }
sdist = { url = "https://files.pythonhosted.org/packages/5a/8e/38aa427ed5402449e226975b649c5dc73ccadfefeb95e6aecb8f8ea4b6b6/annotated_doc-0.0.5.tar.gz", hash = "sha256:c7e58ce09192557605d8bbd92836d7e1d520ac9580096042c0bfd197efacf1bb", size = 10758, upload-time = "2026-07-28T13:50:58.129Z" }
wheels = [
    { url = "https://files.pythonhosted.org/packages/3e/30/e900b21425a860e195f32e37657aa1f7c7f2b1bfb26f03ca209b90933c06/annotated_doc-0.0.5-py3-none-any.whl", hash = "sha256:117bac03a25ede5df5440e855b32d556049ca169ead221505badf432fed4b101", size = 5302, upload-time = "2026-07-28T13:50:57.239Z" },
]

[[package]]
name = "annotated-types"
version = "0.8.0"
source = { registry = "https://pypi.org/simple" }
sdist = { url = "https://files.pythonhosted.org/packages/5f/56/a8120250d128bed162cd73c76d45f6ef9991f3e068f62a8ee060afa3104a/annotated_types-0.8.0.tar.gz", hash = "sha256:13b2beaad985e05e2d6407ee4c4f35590b11f8d693a258a561055cac8f64cab7", size = 15893, upload-time = "2026-07-23T20:16:13.995Z" }
wheels = [
    { url = "https://files.pythonhosted.org/packages/99/91/8acff4f5e50511b911bbccb72b8628a49c68ce14148cd9f6431094859a90/annotated_types-0.8.0-py3-none-any.whl", hash = "sha256:f072f4d804ea359e4eaf198b1af7a8b0943881a87f31bb764f8bf219bb9419e0", size = 13427, upload-time = "2026-07-23T20:16:12.938Z" },
]

[[package]]
name = "anyio"
version = "4.14.2"
source = { registry = "https://pypi.org/simple" }
dependencies = [
    { name = "exceptiongroup" },
    { name = "idna" },
    { name = "typing-extensions" },
]
sdist = { url = "https://files.pythonhosted.org/packages/61/cc/a381afa6efea9f496eff839d4a6a1aed3bfafc7b3ab4b0d1b243a12573dd/anyio-4.14.2.tar.gz", hash = "sha256:cfa139f3ed1a23ee8f88a145ddb5ac7605b8bbfd8592baacd7ce3d8bb4313c7f", size = 260176, upload-time = "2026-07-12T20:29:07.082Z" }
wheels = [
    { url = "https://files.pythonhosted.org/packages/da/35/f2287558c17e29fafc8ef3daf819bb9834061cfa43bff8014f7df7f63bdc/anyio-4.14.2-py3-none-any.whl", hash = "sha256:9f505dda5ac9f0c8309b5e8bd445a8c2bf7246f3ce950121e45ea15bc41d1494", size = 125813, upload-time = "2026-07-12T20:29:05.763Z" },
]

[[package]]
name = "bcrypt"
version = "5.0.0"
source = { registry = "https://pypi.org/simple" }
sdist = { url = "https://files.pythonhosted.org/packages/d4/36/3329e2518d70ad8e2e5817d5a4cac6bba05a47767ec416c7d020a965f408/bcrypt-5.0.0.tar.gz", hash = "sha256:f748f7c2d6fd375cc93d3fba7ef4a9e3a092421b8dbf34d8d4dc06be9492dfdd", size = 25386, upload-time = "2025-09-25T19:50:47.829Z" }
wheels = [
    { url = "https://files.pythonhosted.org/packages/84/29/6237f151fbfe295fe3e074ecc6d44228faa1e842a81f6d34a02937ee1736/bcrypt-5.0.0-cp38-abi3-macosx_10_12_universal2.whl", hash = "sha256:fc746432b951e92b58317af8e0ca746efe93e66555f1b40888865ef5bf56446b", size = 494553, upload-time = "2025-09-25T19:49:49.006Z" },
    { url = "https://files.pythonhosted.org/packages/45/b6/4c1205dde5e464ea3bd88e8742e19f899c16fa8916fb8510a851fae985b5/bcrypt-5.0.0-cp38-abi3-manylinux2014_aarch64.manylinux_2_17_aarch64.whl", hash = "sha256:c2388ca94ffee269b6038d48747f4ce8df0ffbea43f31abfa18ac72f0218effb", size = 275009, upload-time = "2025-09-25T19:49:50.581Z" },
    { url = "https://files.pythonhosted.org/packages/3b/71/427945e6ead72ccffe77894b2655b695ccf14ae1866cd977e185d606dd2f/bcrypt-5.0.0-cp38-abi3-manylinux2014_x86_64.manylinux_2_17_x86_64.whl", hash = "sha256:560ddb6ec730386e7b3b26b8b4c88197aaed924430e7b74666a586ac997249ef", size = 278029, upload-time = "2025-09-25T19:49:52.533Z" },
    { url = "https://files.pythonhosted.org/packages/17/72/c344825e3b83c5389a369c8a8e58ffe1480b8a699f46c127c34580c4666b/bcrypt-5.0.0-cp38-abi3-manylinux_2_28_aarch64.whl", hash = "sha256:d79e5c65dcc9af213594d6f7f1fa2c98ad3fc10431e7aa53c176b441943efbdd", size = 275907, upload-time = "2025-09-25T19:49:54.709Z" },
    { url = "https://files.pythonhosted.org/packages/0b/7e/d4e47d2df1641a36d1212e5c0514f5291e1a956a7749f1e595c07a972038/bcrypt-5.0.0-cp38-abi3-manylinux_2_28_armv7l.manylinux_2_31_armv7l.whl", hash = "sha256:2b732e7d388fa22d48920baa267ba5d97cca38070b69c0e2d37087b381c681fd", size = 296500, upload-time = "2025-09-25T19:49:56.013Z" },
    { url = "https://files.pythonhosted.org/packages/0f/c3/0ae57a68be2039287ec28bc463b82e4b8dc23f9d12c0be331f4782e19108/bcrypt-5.0.0-cp38-abi3-manylinux_2_28_x86_64.whl", hash = "sha256:0c8e093ea2532601a6f686edbc2c6b2ec24131ff5c52f7610dd64fa4553b5464", size = 278412, upload-time = "2025-09-25T19:49:57.356Z" },
    { url = "https://files.pythonhosted.org/packages/45/2b/77424511adb11e6a99e3a00dcc7745034bee89036ad7d7e255a7e47be7d8/bcrypt-5.0.0-cp38-abi3-manylinux_2_34_aarch64.whl", hash = "sha256:5b1589f4839a0899c146e8892efe320c0fa096568abd9b95593efac50a87cb75", size = 275486, upload-time = "2025-09-25T19:49:59.116Z" },
    { url = "https://files.pythonhosted.org/packages/43/0a/405c753f6158e0f3f14b00b462d8bca31296f7ecfc8fc8bc7919c0c7d73a/bcrypt-5.0.0-cp38-abi3-manylinux_2_34_x86_64.whl", hash = "sha256:89042e61b5e808b67daf24a434d89bab164d4de1746b37a8d173b6b14f3db9ff", size = 277940, upload-time = "2025-09-25T19:50:00.869Z" },
    { url = "https://files.pythonhosted.org/packages/62/83/b3efc285d4aadc1fa83db385ec64dcfa1707e890eb42f03b127d66ac1b7b/bcrypt-5.0.0-cp38-abi3-musllinux_1_1_aarch64.whl", hash = "sha256:e3cf5b2560c7b5a142286f69bde914494b6d8f901aaa71e453078388a50881c4", size = 310776, upload-time = "2025-09-25T19:50:02.393Z" },
    { url = "https://files.pythonhosted.org/packages/95/7d/47ee337dacecde6d234890fe929936cb03ebc4c3a7460854bbd9c97780b8/bcrypt-5.0.0-cp38-abi3-musllinux_1_1_x86_64.whl", hash = "sha256:f632fd56fc4e61564f78b46a2269153122db34988e78b6be8b32d28507b7eaeb", size = 312922, upload-time = "2025-09-25T19:50:04.232Z" },
    { url = "https://files.pythonhosted.org/packages/d6/3a/43d494dfb728f55f4e1cf8fd435d50c16a2d75493225b54c8d06122523c6/bcrypt-5.0.0-cp38-abi3-musllinux_1_2_aarch64.whl", hash = "sha256:801cad5ccb6b87d1b430f183269b94c24f248dddbbc5c1f78b6ed231743e001c", size = 341367, upload-time = "2025-09-25T19:50:05.559Z" },
    { url = "https://files.pythonhosted.org/packages/55/ab/a0727a4547e383e2e22a630e0f908113db37904f58719dc48d4622139b5c/bcrypt-5.0.0-cp38-abi3-musllinux_1_2_x86_64.whl", hash = "sha256:3cf67a804fc66fc217e6914a5635000259fbbbb12e78a99488e4d5ba445a71eb", size = 359187, upload-time = "2025-09-25T19:50:06.916Z" },
    { url = "https://files.pythonhosted.org/packages/1b/bb/461f352fdca663524b4643d8b09e8435b4990f17fbf4fea6bc2a90aa0cc7/bcrypt-5.0.0-cp38-abi3-win32.whl", hash = "sha256:3abeb543874b2c0524ff40c57a4e14e5d3a66ff33fb423529c88f180fd756538", size = 153752, upload-time = "2025-09-25T19:50:08.515Z" },
    { url = "https://files.pythonhosted.org/packages/41/aa/4190e60921927b7056820291f56fc57d00d04757c8b316b2d3c0d1d6da2c/bcrypt-5.0.0-cp38-abi3-win_amd64.whl", hash = "sha256:35a77ec55b541e5e583eb3436ffbbf53b0ffa1fa16ca6782279daf95d146dcd9", size = 150881, upload-time = "2025-09-25T19:50:09.742Z" },
    { url = "https://files.pythonhosted.org/packages/54/12/cd77221719d0b39ac0b55dbd39358db1cd1246e0282e104366ebbfb8266a/bcrypt-5.0.0-cp38-abi3-win_arm64.whl", hash = "sha256:cde08734f12c6a4e28dc6755cd11d3bdfea608d93d958fffbe95a7026ebe4980", size = 144931, upload-time = "2025-09-25T19:50:11.016Z" },
    { url = "https://files.pythonhosted.org/packages/5d/ba/2af136406e1c3839aea9ecadc2f6be2bcd1eff255bd451dd39bcf302c47a/bcrypt-5.0.0-cp39-abi3-macosx_10_12_universal2.whl", hash = "sha256:0c418ca99fd47e9c59a301744d63328f17798b5947b0f791e9af3c1c499c2d0a", size = 495313, upload-time = "2025-09-25T19:50:12.309Z" },
    { url = "https://files.pythonhosted.org/packages/ac/ee/2f4985dbad090ace5ad1f7dd8ff94477fe089b5fab2040bd784a3d5f187b/bcrypt-5.0.0-cp39-abi3-manylinux2014_aarch64.manylinux_2_17_aarch64.whl", hash = "sha256:ddb4e1500f6efdd402218ffe34d040a1196c072e07929b9820f363a1fd1f4191", size = 275290, upload-time = "2025-09-25T19:50:13.673Z" },
    { url = "https://files.pythonhosted.org/packages/e4/6e/b77ade812672d15cf50842e167eead80ac3514f3beacac8902915417f8b7/bcrypt-5.0.0-cp39-abi3-manylinux2014_x86_64.manylinux_2_17_x86_64.whl", hash = "sha256:7aeef54b60ceddb6f30ee3db090351ecf0d40ec6e2abf41430997407a46d2254", size = 278253, upload-time = "2025-09-25T19:50:15.089Z" },
    { url = "https://files.pythonhosted.org/packages/36/c4/ed00ed32f1040f7990dac7115f82273e3c03da1e1a1587a778d8cea496d8/bcrypt-5.0.0-cp39-abi3-manylinux_2_28_aarch64.whl", hash = "sha256:f0ce778135f60799d89c9693b9b398819d15f1921ba15fe719acb3178215a7db", size = 276084, upload-time = "2025-09-25T19:50:16.699Z" },
    { url = "https://files.pythonhosted.org/packages/e7/c4/fa6e16145e145e87f1fa351bbd54b429354fd72145cd3d4e0c5157cf4c70/bcrypt-5.0.0-cp39-abi3-manylinux_2_28_armv7l.manylinux_2_31_armv7l.whl", hash = "sha256:a71f70ee269671460b37a449f5ff26982a6f2ba493b3eabdd687b4bf35f875ac", size = 297185, upload-time = "2025-09-25T19:50:18.525Z" },
    { url = "https://files.pythonhosted.org/packages/24/b4/11f8a31d8b67cca3371e046db49baa7c0594d71eb40ac8121e2fc0888db0/bcrypt-5.0.0-cp39-abi3-manylinux_2_28_x86_64.whl", hash = "sha256:f8429e1c410b4073944f03bd778a9e066e7fad723564a52ff91841d278dfc822", size = 278656, upload-time = "2025-09-25T19:50:19.809Z" },
    { url = "https://files.pythonhosted.org/packages/ac/31/79f11865f8078e192847d2cb526e3fa27c200933c982c5b2869720fa5fce/bcrypt-5.0.0-cp39-abi3-manylinux_2_34_aarch64.whl", hash = "sha256:edfcdcedd0d0f05850c52ba3127b1fce70b9f89e0fe5ff16517df7e81fa3cbb8", size = 275662, upload-time = "2025-09-25T19:50:21.567Z" },
    { url = "https://files.pythonhosted.org/packages/d4/8d/5e43d9584b3b3591a6f9b68f755a4da879a59712981ef5ad2a0ac1379f7a/bcrypt-5.0.0-cp39-abi3-manylinux_2_34_x86_64.whl", hash = "sha256:611f0a17aa4a25a69362dcc299fda5c8a3d4f160e2abb3831041feb77393a14a", size = 278240, upload-time = "2025-09-25T19:50:23.305Z" },
    { url = "https://files.pythonhosted.org/packages/89/48/44590e3fc158620f680a978aafe8f87a4c4320da81ed11552f0323aa9a57/bcrypt-5.0.0-cp39-abi3-musllinux_1_1_aarch64.whl", hash = "sha256:db99dca3b1fdc3db87d7c57eac0c82281242d1eabf19dcb8a6b10eb29a2e72d1", size = 311152, upload-time = "2025-09-25T19:50:24.597Z" },
    { url = "https://files.pythonhosted.org/packages/5f/85/e4fbfc46f14f47b0d20493669a625da5827d07e8a88ee460af6cd9768b44/bcrypt-5.0.0-cp39-abi3-musllinux_1_1_x86_64.whl", hash = "sha256:5feebf85a9cefda32966d8171f5db7e3ba964b77fdfe31919622256f80f9cf42", size = 313284, upload-time = "2025-09-25T19:50:26.268Z" },
    { url = "https://files.pythonhosted.org/packages/25/ae/479f81d3f4594456a01ea2f05b132a519eff9ab5768a70430fa1132384b1/bcrypt-5.0.0-cp39-abi3-musllinux_1_2_aarch64.whl", hash = "sha256:3ca8a166b1140436e058298a34d88032ab62f15aae1c598580333dc21d27ef10", size = 341643, upload-time = "2025-09-25T19:50:28.02Z" },
    { url = "https://files.pythonhosted.org/packages/df/d2/36a086dee1473b14276cd6ea7f61aef3b2648710b5d7f1c9e032c29b859f/bcrypt-5.0.0-cp39-abi3-musllinux_1_2_x86_64.whl", hash = "sha256:61afc381250c3182d9078551e3ac3a41da14154fbff647ddf52a769f588c4172", size = 359698, upload-time = "2025-09-25T19:50:31.347Z" },
    { url = "https://files.pythonhosted.org/packages/c0/f6/688d2cd64bfd0b14d805ddb8a565e11ca1fb0fd6817175d58b10052b6d88/bcrypt-5.0.0-cp39-abi3-win32.whl", hash = "sha256:64d7ce196203e468c457c37ec22390f1a61c85c6f0b8160fd752940ccfb3a683", size = 153725, upload-time = "2025-09-25T19:50:34.384Z" },
    { url = "https://files.pythonhosted.org/packages/9f/b9/9d9a641194a730bda138b3dfe53f584d61c58cd5230e37566e83ec2ffa0d/bcrypt-5.0.0-cp39-abi3-win_amd64.whl", hash = "sha256:64ee8434b0da054d830fa8e89e1c8bf30061d539044a39524ff7dec90481e5c2", size = 150912, upload-time = "2025-09-25T19:50:35.69Z" },
    { url = "https://files.pythonhosted.org/packages/27/44/d2ef5e87509158ad2187f4dd0852df80695bb1ee0cfe0a684727b01a69e0/bcrypt-5.0.0-cp39-abi3-win_arm64.whl", hash = "sha256:f2347d3534e76bf50bca5500989d6c1d05ed64b440408057a37673282c654927", size = 144953, upload-time = "2025-09-25T19:50:37.32Z" },
]

[[package]]
name = "certifi"
version = "2026.7.22"
source = { registry = "https://pypi.org/simple" }
sdist = { url = "https://files.pythonhosted.org/packages/a3/c2/24167ea9858356b47a87a50d39908bfdb72ceeefe0041586e704e5376b3a/certifi-2026.7.22.tar.gz", hash = "sha256:741e2c3b351ddf169a738da9f2c048608ff7f2c5cc02f1ebc6b118bb090d5d55", size = 138112, upload-time = "2026-07-22T03:35:12.644Z" }
wheels = [
    { url = "https://files.pythonhosted.org/packages/0b/a7/71ac2cff56fec219ed242bb11b8efb69fcc4bec75db06fb7bfe35de520e6/certifi-2026.7.22-py3-none-any.whl", hash = "sha256:62f22742b58a1a33014a2b6b706588a8d7e2a88ae7bd1a6ebe8c992928483775", size = 136983, upload-time = "2026-07-22T03:35:11.276Z" },
]

[[package]]
name = "click"
version = "8.4.2"
source = { registry = "https://pypi.org/simple" }
dependencies = [
    { name = "colorama", marker = "sys_platform == 'win32'" },
]
sdist = { url = "https://files.pythonhosted.org/packages/76/d4/81420972a676e8ffea40450d8c8c92943e7218a78fe9b64359836cc9876b/click-8.4.2.tar.gz", hash = "sha256:9a6cea6e60b17ebe0a44c5cc636d94f09bd66142c1cd7d8b4cd731c4917a15f6", size = 338000, upload-time = "2026-06-24T17:45:15.148Z" }
wheels = [
    { url = "https://files.pythonhosted.org/packages/fb/e2/79c688af8b210d232694e31e59da9f6ec747bae31c3f5946e4e9b98860d5/click-8.4.2-py3-none-any.whl", hash = "sha256:e6f9f66136c816745b9d65817da91d61d957fb16e02e4dcd0552553c5a197b76", size = 119243, upload-time = "2026-06-24T17:45:13.73Z" },
]

[[package]]
name = "colorama"
version = "0.4.6"
source = { registry = "https://pypi.org/simple" }
sdist = { url = "https://files.pythonhosted.org/packages/d8/53/6f443c9a4a8358a93a6792e2acffb9d9d5cb0a5cfd8802644b7b1c9a02e4/colorama-0.4.6.tar.gz", hash = "sha256:08695f5cb7ed6e0531a20572697297273c47b8cae5a63ffc6d6ed5c201be6e44", size = 27697, upload-time = "2022-10-25T02:36:22.414Z" }
wheels = [
    { url = "https://files.pythonhosted.org/packages/d1/d6/3965ed04c63042e047cb6a3e6ed1a63a35087b6a609aa3a15ed8ac56c221/colorama-0.4.6-py2.py3-none-any.whl", hash = "sha256:4f1d9991f5acc0ca119f9d443620b77f9d6b33703e51011c16baf57afb285fc6", size = 25335, upload-time = "2022-10-25T02:36:20.889Z" },
]

[[package]]
name = "exceptiongroup"
version = "1.3.1"
source = { registry = "https://pypi.org/simple" }
dependencies = [
    { name = "typing-extensions" },
]
sdist = { url = "https://files.pythonhosted.org/packages/50/79/66800aadf48771f6b62f7eb014e352e5d06856655206165d775e675a02c9/exceptiongroup-1.3.1.tar.gz", hash = "sha256:8b412432c6055b0b7d14c310000ae93352ed6754f70fa8f7c34141f91c4e3219", size = 30371, upload-time = "2025-11-21T23:01:54.787Z" }
wheels = [
    { url = "https://files.pythonhosted.org/packages/8a/0e/97c33bf5009bdbac74fd2beace167cab3f978feb69cc36f1ef79360d6c4e/exceptiongroup-1.3.1-py3-none-any.whl", hash = "sha256:a7a39a3bd276781e98394987d3a5701d0c4edffb633bb7a5144577f82c773598", size = 16740, upload-time = "2025-11-21T23:01:53.443Z" },
]

[[package]]
name = "fastapi"
version = "0.141.1"
source = { registry = "https://pypi.org/simple" }
dependencies = [
    { name = "annotated-doc" },
    { name = "pydantic" },
    { name = "starlette" },
    { name = "typing-extensions" },
    { name = "typing-inspection" },
]
sdist = { url = "https://files.pythonhosted.org/packages/8a/02/91e3416a8fdd715abb903a952a6bec7cdd8d14eed55d415fc8595524c319/fastapi-0.141.1.tar.gz", hash = "sha256:e8822fc40db1e1858054d7a949a888695bc9bdce70139178e33bd2871a453ca1", size = 425799, upload-time = "2026-07-29T17:18:05.568Z" }
wheels = [
    { url = "https://files.pythonhosted.org/packages/cb/03/10388a42375ee7e4ac9b94eb2c5c569c8b5795e377e701c9ac3ad63de890/fastapi-0.141.1-py3-none-any.whl", hash = "sha256:bfb91aa2d334c61cb35ba9a116fc123b3d3df31640b801cf57a7a78ec3f603b3", size = 131954, upload-time = "2026-07-29T17:18:04.364Z" },
]

[[package]]
name = "h11"
version = "0.16.0"
source = { registry = "https://pypi.org/simple" }
sdist = { url = "https://files.pythonhosted.org/packages/01/ee/02a2c011bdab74c6fb3c75474d40b3052059d95df7e73351460c8588d963/h11-0.16.0.tar.gz", hash = "sha256:4e35b956cf45792e4caa5885e69fba00bdbc6ffafbfa020300e549b208ee5ff1", size = 101250, upload-time = "2025-04-24T03:35:25.427Z" }
wheels = [
    { url = "https://files.pythonhosted.org/packages/04/4b/29cac41a4d98d144bf5f6d33995617b185d14b22401f75ca86f384e87ff1/h11-0.16.0-py3-none-any.whl", hash = "sha256:63cf8bbe7522de3bf65932fda1d9c2772064ffb3dae62d55932da54b31cb6c86", size = 37515, upload-time = "2025-04-24T03:35:24.344Z" },
]

[[package]]
name = "httpcore"
version = "1.0.9"
source = { registry = "https://pypi.org/simple" }
dependencies = [
    { name = "certifi" },
    { name = "h11" },
]
sdist = { url = "https://files.pythonhosted.org/packages/06/94/82699a10bca87a5556c9c59b5963f2d039dbd239f25bc2a63907a05a14cb/httpcore-1.0.9.tar.gz", hash = "sha256:6e34463af53fd2ab5d807f399a9b45ea31c3dfa2276f15a2c3f00afff6e176e8", size = 85484, upload-time = "2025-04-24T22:06:22.219Z" }
wheels = [
    { url = "https://files.pythonhosted.org/packages/7e/f5/f66802a942d491edb555dd61e3a9961140fd64c90bce1eafd741609d334d/httpcore-1.0.9-py3-none-any.whl", hash = "sha256:2d400746a40668fc9dec9810239072b40b4484b640a8c38fd654a024c7a1bf55", size = 78784, upload-time = "2025-04-24T22:06:20.566Z" },
]

[[package]]
name = "httptools"
version = "0.8.0"
source = { registry = "https://pypi.org/simple" }
sdist = { url = "https://files.pythonhosted.org/packages/43/e5/d471fcb0e14523fe1c3f4ba58ca52480e7bd70ad7109a3846bc75892f7fb/httptools-0.8.0.tar.gz", hash = "sha256:6b2a32f18d97e16e90827d7a819ffa8dbd8cc245fc4e1fa9d1095b54ef4bd999", size = 271342, upload-time = "2026-05-25T22:17:48.841Z" }
wheels = [
    { url = "https://files.pythonhosted.org/packages/40/b9/be66eb0decd730d89b9c94f930e4b8d87787b05724bb84af98bfd825f72c/httptools-0.8.0-cp310-cp310-macosx_10_9_universal2.whl", hash = "sha256:bf3b6f807c8541503cecfbb8a8dffb385640d0d96102f3d112aa8740f9b7c826", size = 208805, upload-time = "2026-05-25T22:16:50.434Z" },
    { url = "https://files.pythonhosted.org/packages/9d/f7/b4d41eaae2869d31356bc4bbf546f44fae83ff298af0a043ca0625b06773/httptools-0.8.0-cp310-cp310-macosx_11_0_arm64.whl", hash = "sha256:da684f2e1aa2ee9bdcb083f3f3a68c5956750b375bc5df864d3a5f0c42a40b77", size = 113527, upload-time = "2026-05-25T22:16:51.672Z" },
    { url = "https://files.pythonhosted.org/packages/e6/e4/77487e14fc7be47180fd0eb4267c7486d0cc59b74031839a3daf8650136b/httptools-0.8.0-cp310-cp310-manylinux1_x86_64.manylinux_2_28_x86_64.manylinux_2_5_x86_64.whl", hash = "sha256:a6f21e2a3b0067bbe7f67e34cfd16276af556e5e52f4c7503be0cb5f90e905e4", size = 450035, upload-time = "2026-05-25T22:16:53.313Z" },
    { url = "https://files.pythonhosted.org/packages/da/72/5a8f787e323f56fbd86c32a4be92a86776e4cfe8b4317db999f452028362/httptools-0.8.0-cp310-cp310-manylinux2014_aarch64.manylinux_2_17_aarch64.manylinux_2_28_aarch64.whl", hash = "sha256:0ea897f0c729581ebf72131a438a7932d9b14efef72d75ada966700cac3caaeb", size = 451101, upload-time = "2026-05-25T22:16:54.696Z" },
    { url = "https://files.pythonhosted.org/packages/ed/41/b44a25560955197674b6744cb903664300e239235a5eaa69df0890d87054/httptools-0.8.0-cp310-cp310-musllinux_1_2_aarch64.whl", hash = "sha256:c0d726cc107fceb7d45f978483b4b70dd8caa836f5914d3434bb18628eb73813", size = 436140, upload-time = "2026-05-25T22:16:56.239Z" },
    { url = "https://files.pythonhosted.org/packages/74/b0/054aac84c03d7e097bf4c605fb7e74eec3d65c0276adf64ee97f3a103ff5/httptools-0.8.0-cp310-cp310-musllinux_1_2_x86_64.whl", hash = "sha256:9878eb2785ba5eb70631ad269b37976f73d647955e26c91d490eb8a4edfda4ba", size = 437041, upload-time = "2026-05-25T22:16:57.716Z" },
    { url = "https://files.pythonhosted.org/packages/bb/e8/86b85bbc0ac7892232f1a99ab96a9aa71936984fa06adfc0afc83ca7789e/httptools-0.8.0-cp310-cp310-win_amd64.whl", hash = "sha256:b205e5f5523fa039679da0dfe5a10132b2a4abeae6a86fdd1ddc035f7f836557", size = 90454, upload-time = "2026-05-25T22:16:58.871Z" },
]

[[package]]
name = "httpx"
version = "0.28.1"
source = { registry = "https://pypi.org/simple" }
dependencies = [
    { name = "anyio" },
    { name = "certifi" },
    { name = "httpcore" },
    { name = "idna" },
]
sdist = { url = "https://files.pythonhosted.org/packages/b1/df/48c586a5fe32a0f01324ee087459e112ebb7224f646c0b5023f5e79e9956/httpx-0.28.1.tar.gz", hash = "sha256:75e98c5f16b0f35b567856f597f06ff2270a374470a5c2392242528e3e3e42fc", size = 141406, upload-time = "2024-12-06T15:37:23.222Z" }
wheels = [
    { url = "https://files.pythonhosted.org/packages/2a/39/e50c7c3a983047577ee07d2a9e53faf5a69493943ec3f6a384bdc792deb2/httpx-0.28.1-py3-none-any.whl", hash = "sha256:d909fcccc110f8c7faf814ca82a9a4d816bc5a6dbfea25d6591d6985b8ba59ad", size = 73517, upload-time = "2024-12-06T15:37:21.509Z" },
]

[[package]]
name = "idna"
version = "3.18"
source = { registry = "https://pypi.org/simple" }
sdist = { url = "https://files.pythonhosted.org/packages/cd/63/9496c57188a2ee585e0f1db071d75089a11e98aa86eb99d9d7618fc1edce/idna-3.18.tar.gz", hash = "sha256:ffb385a7e039654cef1ab9ef32c6fafe283c0c0467bba1d9029738ce4a14a848", size = 196711, upload-time = "2026-06-02T14:34:07.794Z" }
wheels = [
    { url = "https://files.pythonhosted.org/packages/1e/5e/d4e9f1a599fb8e573b7b87160658329fbf28d19eac2718f51fc3def3aa5a/idna-3.18-py3-none-any.whl", hash = "sha256:7f952cbe720b688055e3f87de14f5c3e5fdaa8bc3928985c4077ca689de849a2", size = 65455, upload-time = "2026-06-02T14:34:06.319Z" },
]

[[package]]
name = "pydantic"
version = "2.13.4"
source = { registry = "https://pypi.org/simple" }
dependencies = [
    { name = "annotated-types" },
    { name = "pydantic-core" },
    { name = "typing-extensions" },
    { name = "typing-inspection" },
]
sdist = { url = "https://files.pythonhosted.org/packages/18/a5/b60d21ac674192f8ab0ba4e9fd860690f9b4a6e51ca5df118733b487d8d6/pydantic-2.13.4.tar.gz", hash = "sha256:c40756b57adaa8b1efeeced5c196f3f3b7c435f90e84ea7f443901bec8099ef6", size = 844775, upload-time = "2026-05-06T13:43:05.343Z" }
wheels = [
    { url = "https://files.pythonhosted.org/packages/fd/7b/122376b1fd3c62c1ed9dc80c931ace4844b3c55407b6fb2d199377c9736f/pydantic-2.13.4-py3-none-any.whl", hash = "sha256:45a282cde31d808236fd7ea9d919b128653c8b38b393d1c4ab335c62924d9aba", size = 472262, upload-time = "2026-05-06T13:43:02.641Z" },
]

[[package]]
name = "pydantic-core"
version = "2.46.4"
source = { registry = "https://pypi.org/simple" }
dependencies = [
    { name = "typing-extensions" },
]
sdist = { url = "https://files.pythonhosted.org/packages/9d/56/921726b776ace8d8f5db44c4ef961006580d91dc52b803c489fafd1aa249/pydantic_core-2.46.4.tar.gz", hash = "sha256:62f875393d7f270851f20523dd2e29f082bcc82292d66db2b64ea71f64b6e1c1", size = 471464, upload-time = "2026-05-06T13:37:06.98Z" }
wheels = [
    { url = "https://files.pythonhosted.org/packages/e7/08/f1ba952f1c8ae5581c70fa9c6da89f247b83e3dd8c09c035d5d7931fc23d/pydantic_core-2.46.4-cp310-cp310-macosx_10_12_x86_64.whl", hash = "sha256:a396dcc17e5a0b164dbe026896245a4fa9ff402edca1dff0be3d53a517f74de4", size = 2113146, upload-time = "2026-05-06T13:37:36.537Z" },
    { url = "https://files.pythonhosted.org/packages/56/c6/65f646c7ff09bd257f660434adb45c4dfcbbcebcc030562fecf6f5bf887d/pydantic_core-2.46.4-cp310-cp310-macosx_11_0_arm64.whl", hash = "sha256:da4b951fe36dc7c3a1ccb4e3cd1747c3542b8c9ceede8fc86cae054e764485f5", size = 1949769, upload-time = "2026-05-06T13:37:46.365Z" },
    { url = "https://files.pythonhosted.org/packages/64/ba/bfb1d928fd5b49e1258935ff104ae356e9fd89384a55bf9f847e9193ad40/pydantic_core-2.46.4-cp310-cp310-manylinux_2_17_aarch64.manylinux2014_aarch64.whl", hash = "sha256:bb63e0198ca18aad131c089b9204c23079c3afa95487e561f4c522d519e55aba", size = 1974958, upload-time = "2026-05-06T13:37:28.611Z" },
    { url = "https://files.pythonhosted.org/packages/4e/74/76223bfb117b64af743c9b6670d1364516f5c0604f96b48f3272f6af6cc6/pydantic_core-2.46.4-cp310-cp310-manylinux_2_17_armv7l.manylinux2014_armv7l.whl", hash = "sha256:f47286a97f0bc9b8859519809077b91b2cefe4ae47fcbf5e466a009c1c5d742b", size = 2042118, upload-time = "2026-05-06T13:36:55.216Z" },
    { url = "https://files.pythonhosted.org/packages/cb/7b/848732968bc8f48f3187542f08358b9d842db564147b256669426ebb1652/pydantic_core-2.46.4-cp310-cp310-manylinux_2_17_ppc64le.manylinux2014_ppc64le.whl", hash = "sha256:905a0ed8ea6f2d61c1738835f99b699348d7857379083e5fc497fa0c967a407c", size = 2222876, upload-time = "2026-05-06T13:38:25.455Z" },
    { url = "https://files.pythonhosted.org/packages/b5/2f/e90b63ee2e14bd8d3db8f705a6d75d64e6ee1b7c2c8833747ce706e1e0ce/pydantic_core-2.46.4-cp310-cp310-manylinux_2_17_s390x.manylinux2014_s390x.whl", hash = "sha256:ea793e075b70290d89d8142074262885d3f7da19634845135751bd6344f73b50", size = 2286703, upload-time = "2026-05-06T13:37:53.304Z" },
    { url = "https://files.pythonhosted.org/packages/ba/1e/acc4d70f88a0a277e4a1fa77ebb985ceabaf900430f875bf9338e11c9420/pydantic_core-2.46.4-cp310-cp310-manylinux_2_17_x86_64.manylinux2014_x86_64.whl", hash = "sha256:395aebd9183f9d112f569aeb5b2214d1a10a33bec8456447f7fbdfa51d38d4cd", size = 2092042, upload-time = "2026-05-06T13:38:46.981Z" },
    { url = "https://files.pythonhosted.org/packages/a9/da/0a422b57bf8504102bf3c4ccea9c41bab5a5cee6a54650acf8faf67f5a24/pydantic_core-2.46.4-cp310-cp310-manylinux_2_31_riscv64.whl", hash = "sha256:b078afbc25f3a1436c7a1d2cd3e322497ee99615ba97c563566fdf46aff1ee01", size = 2117231, upload-time = "2026-05-06T13:39:23.146Z" },
    { url = "https://files.pythonhosted.org/packages/bd/2a/2ac13c3af305843e23c5078c53d135656b3f05a2fd78cb7bbbb12e97b473/pydantic_core-2.46.4-cp310-cp310-manylinux_2_5_i686.manylinux1_i686.whl", hash = "sha256:f747929cf940cddb5b3668a390056ddd5ba2e5010615ea2dcf4f9c4f3ab8791d", size = 2168388, upload-time = "2026-05-06T13:40:08.06Z" },
    { url = "https://files.pythonhosted.org/packages/72/04/2beacf7e1607e93eefe4aed1b4709f079b905fb77530179d4f7c71745f22/pydantic_core-2.46.4-cp310-cp310-musllinux_1_1_aarch64.whl", hash = "sha256:daa27d92c36f24388fe3ad306b174781c747627f134452e4f128ea00ce1fe8c4", size = 2184769, upload-time = "2026-05-06T13:38:13.901Z" },
    { url = "https://files.pythonhosted.org/packages/9e/29/d2b9fd9f539133548eaf622c06a4ce176cb46ac59f32d0359c4abc0de047/pydantic_core-2.46.4-cp310-cp310-musllinux_1_1_armv7l.whl", hash = "sha256:19e51f073cd3df251856a8a4189fbdf1de4012c3ebacfb1884f94f1eb406079f", size = 2319312, upload-time = "2026-05-06T13:39:08.24Z" },
    { url = "https://files.pythonhosted.org/packages/7c/af/0f7a5b85fec6075bea96e3ef9187de38fccced0de92c1e7feda8d5cc7bb9/pydantic_core-2.46.4-cp310-cp310-musllinux_1_1_x86_64.whl", hash = "sha256:c1747f85cee84c26985853c6f3d9bd3e75da5212912443fa111c113b9c246f39", size = 2361817, upload-time = "2026-05-06T13:38:43.2Z" },
    { url = "https://files.pythonhosted.org/packages/25/a4/73363fec545fd3ec025490bdda2743c56d0dd5b6266b1a53bbe9e4265375/pydantic_core-2.46.4-cp310-cp310-win32.whl", hash = "sha256:2f84c03c8607173d16b5a854ec68a2f9079ae03237a54fb506d13af47e1d018d", size = 1987085, upload-time = "2026-05-06T13:39:25.497Z" },
    { url = "https://files.pythonhosted.org/packages/01/aa/62f082da2c91fac1c234bc9ee0066257ce83f0604abd72e4c9d5991f2d84/pydantic_core-2.46.4-cp310-cp310-win_amd64.whl", hash = "sha256:8358a950c8909158e3df31538a7e4edc2d7265a7c54b47f0864d9e5bae9dcebf", size = 2074311, upload-time = "2026-05-06T13:39:59.922Z" },
]

[[package]]
name = "pyjwt"
version = "2.13.0"
source = { registry = "https://pypi.org/simple" }
dependencies = [
    { name = "typing-extensions" },
]
sdist = { url = "https://files.pythonhosted.org/packages/3b/81/58d0ac84e1ef3a3843791d6954d94c0b33d526c75eeb1efbce9d0a4c4077/pyjwt-2.13.0.tar.gz", hash = "sha256:41571c89ca91598c79e8ef18a2d07367d4810fbbd6f637794879baf1b7703423", size = 107515, upload-time = "2026-05-21T19:54:36.618Z" }
wheels = [
    { url = "https://files.pythonhosted.org/packages/a3/5e/ecf12fdb62546d64385c158514e9b2b671f7832108ef2ecd2020ce0af2d1/pyjwt-2.13.0-py3-none-any.whl", hash = "sha256:66adcc2aff09b3f1bbd95fc1e1577df8ac8723c978552fd43304c8a290ac5728", size = 31274, upload-time = "2026-05-21T19:54:35.362Z" },
]

[[package]]
name = "python-dotenv"
version = "1.2.2"
source = { registry = "https://pypi.org/simple" }
sdist = { url = "https://files.pythonhosted.org/packages/82/ed/0301aeeac3e5353ef3d94b6ec08bbcabd04a72018415dcb29e588514bba8/python_dotenv-1.2.2.tar.gz", hash = "sha256:2c371a91fbd7ba082c2c1dc1f8bf89ca22564a087c2c287cd9b662adde799cf3", size = 50135, upload-time = "2026-03-01T16:00:26.196Z" }
wheels = [
    { url = "https://files.pythonhosted.org/packages/0b/d7/1959b9648791274998a9c3526f6d0ec8fd2233e4d4acce81bbae76b44b2a/python_dotenv-1.2.2-py3-none-any.whl", hash = "sha256:1d8214789a24de455a8b8bd8ae6fe3c6b69a5e3d64aa8a8e5d68e694bbcb285a", size = 22101, upload-time = "2026-03-01T16:00:25.09Z" },
]

[[package]]
name = "pyyaml"
version = "6.0.3"
source = { registry = "https://pypi.org/simple" }
sdist = { url = "https://files.pythonhosted.org/packages/05/8e/961c0007c59b8dd7729d542c61a4d537767a59645b82a0b521206e1e25c2/pyyaml-6.0.3.tar.gz", hash = "sha256:d76623373421df22fb4cf8817020cbb7ef15c725b9d5e45f17e189bfc384190f", size = 130960, upload-time = "2025-09-25T21:33:16.546Z" }
wheels = [
    { url = "https://files.pythonhosted.org/packages/f4/a0/39350dd17dd6d6c6507025c0e53aef67a9293a6d37d3511f23ea510d5800/pyyaml-6.0.3-cp310-cp310-macosx_10_13_x86_64.whl", hash = "sha256:214ed4befebe12df36bcc8bc2b64b396ca31be9304b8f59e25c11cf94a4c033b", size = 184227, upload-time = "2025-09-25T21:31:46.04Z" },
    { url = "https://files.pythonhosted.org/packages/05/14/52d505b5c59ce73244f59c7a50ecf47093ce4765f116cdb98286a71eeca2/pyyaml-6.0.3-cp310-cp310-macosx_11_0_arm64.whl", hash = "sha256:02ea2dfa234451bbb8772601d7b8e426c2bfa197136796224e50e35a78777956", size = 174019, upload-time = "2025-09-25T21:31:47.706Z" },
    { url = "https://files.pythonhosted.org/packages/43/f7/0e6a5ae5599c838c696adb4e6330a59f463265bfa1e116cfd1fbb0abaaae/pyyaml-6.0.3-cp310-cp310-manylinux2014_aarch64.manylinux_2_17_aarch64.manylinux_2_28_aarch64.whl", hash = "sha256:b30236e45cf30d2b8e7b3e85881719e98507abed1011bf463a8fa23e9c3e98a8", size = 740646, upload-time = "2025-09-25T21:31:49.21Z" },
    { url = "https://files.pythonhosted.org/packages/2f/3a/61b9db1d28f00f8fd0ae760459a5c4bf1b941baf714e207b6eb0657d2578/pyyaml-6.0.3-cp310-cp310-manylinux2014_s390x.manylinux_2_17_s390x.manylinux_2_28_s390x.whl", hash = "sha256:66291b10affd76d76f54fad28e22e51719ef9ba22b29e1d7d03d6777a9174198", size = 840793, upload-time = "2025-09-25T21:31:50.735Z" },
    { url = "https://files.pythonhosted.org/packages/7a/1e/7acc4f0e74c4b3d9531e24739e0ab832a5edf40e64fbae1a9c01941cabd7/pyyaml-6.0.3-cp310-cp310-manylinux2014_x86_64.manylinux_2_17_x86_64.manylinux_2_28_x86_64.whl", hash = "sha256:9c7708761fccb9397fe64bbc0395abcae8c4bf7b0eac081e12b809bf47700d0b", size = 770293, upload-time = "2025-09-25T21:31:51.828Z" },
    { url = "https://files.pythonhosted.org/packages/8b/ef/abd085f06853af0cd59fa5f913d61a8eab65d7639ff2a658d18a25d6a89d/pyyaml-6.0.3-cp310-cp310-musllinux_1_2_aarch64.whl", hash = "sha256:418cf3f2111bc80e0933b2cd8cd04f286338bb88bdc7bc8e6dd775ebde60b5e0", size = 732872, upload-time = "2025-09-25T21:31:53.282Z" },
    { url = "https://files.pythonhosted.org/packages/1f/15/2bc9c8faf6450a8b3c9fc5448ed869c599c0a74ba2669772b1f3a0040180/pyyaml-6.0.3-cp310-cp310-musllinux_1_2_x86_64.whl", hash = "sha256:5e0b74767e5f8c593e8c9b5912019159ed0533c70051e9cce3e8b6aa699fcd69", size = 758828, upload-time = "2025-09-25T21:31:54.807Z" },
    { url = "https://files.pythonhosted.org/packages/a3/00/531e92e88c00f4333ce359e50c19b8d1de9fe8d581b1534e35ccfbc5f393/pyyaml-6.0.3-cp310-cp310-win32.whl", hash = "sha256:28c8d926f98f432f88adc23edf2e6d4921ac26fb084b028c733d01868d19007e", size = 142415, upload-time = "2025-09-25T21:31:55.885Z" },
    { url = "https://files.pythonhosted.org/packages/2a/fa/926c003379b19fca39dd4634818b00dec6c62d87faf628d1394e137354d4/pyyaml-6.0.3-cp310-cp310-win_amd64.whl", hash = "sha256:bdb2c67c6c1390b63c6ff89f210c8fd09d9a1217a465701eac7316313c915e4c", size = 158561, upload-time = "2025-09-25T21:31:57.406Z" },
]

[[package]]
name = "ragflow-chat-server"
version = "1.0.0"
source = { virtual = "." }
dependencies = [
    { name = "bcrypt" },
    { name = "fastapi" },
    { name = "httpx" },
    { name = "pyjwt" },
    { name = "python-dotenv" },
    { name = "uvicorn", extra = ["standard"] },
]

[package.metadata]
requires-dist = [
    { name = "bcrypt", specifier = ">=4.2.0" },
    { name = "fastapi", specifier = ">=0.115.0" },
    { name = "httpx", specifier = ">=0.27.0" },
    { name = "pyjwt", specifier = ">=2.9.0" },
    { name = "python-dotenv", specifier = ">=1.0.0" },
    { name = "uvicorn", extras = ["standard"], specifier = ">=0.30.0" },
]

[[package]]
name = "starlette"
version = "1.3.1"
source = { registry = "https://pypi.org/simple" }
dependencies = [
    { name = "anyio" },
    { name = "typing-extensions" },
]
sdist = { url = "https://files.pythonhosted.org/packages/eb/e3/7c1dc7381d9f8ab7d854328ebfa884e62cb3f3d8549ddfd37c7814f42afa/starlette-1.3.1.tar.gz", hash = "sha256:05d0213193f2fbaae60e2ecb593b4add4262ad4e46536b54abe36f11a71724e0", size = 2703240, upload-time = "2026-06-12T09:23:11.602Z" }
wheels = [
    { url = "https://files.pythonhosted.org/packages/ec/bb/2799cc2ede3ed41131f8975621e7213dfc7ef4acbbaadfa440f32500c370/starlette-1.3.1-py3-none-any.whl", hash = "sha256:c7372aae11c3c3f26a42df7bd626cec2f47d03483d261d369516a615a53714c6", size = 73632, upload-time = "2026-06-12T09:23:10.017Z" },
]

[[package]]
name = "typing-extensions"
version = "4.16.0"
source = { registry = "https://pypi.org/simple" }
sdist = { url = "https://files.pythonhosted.org/packages/f6/cc/6253133b5bb138fc3306cebfbda2c520f545d36b5be2c7255cc528bb45d6/typing_extensions-4.16.0.tar.gz", hash = "sha256:dc983d19a509c94dba722ee6abd33940f7c05a89e243c47e907eb4db6f1a43e5", size = 113555, upload-time = "2026-07-02T08:40:05.92Z" }
wheels = [
    { url = "https://files.pythonhosted.org/packages/49/d3/b8441a820a491ddfc024b0b0cf0393375b75ea13866d9c66727e54c2fc80/typing_extensions-4.16.0-py3-none-any.whl", hash = "sha256:481caa481374e813c1b176ada14e97f1f67a4539ce9cfeb3f350d78d6370c2e8", size = 45571, upload-time = "2026-07-02T08:40:04.659Z" },
]

[[package]]
name = "typing-inspection"
version = "0.4.2"
source = { registry = "https://pypi.org/simple" }
dependencies = [
    { name = "typing-extensions" },
]
sdist = { url = "https://files.pythonhosted.org/packages/55/e3/70399cb7dd41c10ac53367ae42139cf4b1ca5f36bb3dc6c9d33acdb43655/typing_inspection-0.4.2.tar.gz", hash = "sha256:ba561c48a67c5958007083d386c3295464928b01faa735ab8547c5692e87f464", size = 75949, upload-time = "2025-10-01T02:14:41.687Z" }
wheels = [
    { url = "https://files.pythonhosted.org/packages/dc/9b/47798a6c91d8bdb567fe2698fe81e0c6b7cb7ef4d13da4114b41d239f65d/typing_inspection-0.4.2-py3-none-any.whl", hash = "sha256:4ed1cacbdc298c220f1bd249ed5287caa16f34d44ef4e9c3d0cbad5b521545e7", size = 14611, upload-time = "2025-10-01T02:14:40.154Z" },
]

[[package]]
name = "uvicorn"
version = "0.52.1"
source = { registry = "https://pypi.org/simple" }
dependencies = [
    { name = "click" },
    { name = "h11" },
    { name = "typing-extensions" },
]
sdist = { url = "https://files.pythonhosted.org/packages/03/18/ccce41535dee1be77735592bd19965f3972c82e07ee703d324709496b716/uvicorn-0.52.1.tar.gz", hash = "sha256:112ec661814189acbccd3f7b86460147cc065fc92c0821afa78918780e4354dd", size = 100571, upload-time = "2026-08-01T18:19:30.732Z" }
wheels = [
    { url = "https://files.pythonhosted.org/packages/c7/d5/68e6e9bca63c0badf67002890a46d3784c958de45b65e1275ec583ca1f06/uvicorn-0.52.1-py3-none-any.whl", hash = "sha256:e4403f9d93188cf9d1088e9f40e3acd12630e2df8675316704379a7fc20fff6a", size = 79859, upload-time = "2026-08-01T18:19:29.294Z" },
]

[package.optional-dependencies]
standard = [
    { name = "httptools" },
    { name = "python-dotenv" },
    { name = "pyyaml" },
    { name = "uvloop", marker = "platform_python_implementation != 'PyPy' and sys_platform != 'cygwin' and sys_platform != 'win32'" },
    { name = "watchfiles" },
    { name = "websockets" },
]

[[package]]
name = "uvloop"
version = "0.22.1"
source = { registry = "https://pypi.org/simple" }
sdist = { url = "https://files.pythonhosted.org/packages/06/f0/18d39dbd1971d6d62c4629cc7fa67f74821b0dc1f5a77af43719de7936a7/uvloop-0.22.1.tar.gz", hash = "sha256:6c84bae345b9147082b17371e3dd5d42775bddce91f885499017f4607fdaf39f", size = 2443250, upload-time = "2025-10-16T22:17:19.342Z" }
wheels = [
    { url = "https://files.pythonhosted.org/packages/eb/14/ecceb239b65adaaf7fde510aa8bd534075695d1e5f8dadfa32b5723d9cfb/uvloop-0.22.1-cp310-cp310-macosx_10_9_universal2.whl", hash = "sha256:ef6f0d4cc8a9fa1f6a910230cd53545d9a14479311e87e3cb225495952eb672c", size = 1343335, upload-time = "2025-10-16T22:16:11.43Z" },
    { url = "https://files.pythonhosted.org/packages/ba/ae/6f6f9af7f590b319c94532b9567409ba11f4fa71af1148cab1bf48a07048/uvloop-0.22.1-cp310-cp310-macosx_10_9_x86_64.whl", hash = "sha256:7cd375a12b71d33d46af85a3343b35d98e8116134ba404bd657b3b1d15988792", size = 742903, upload-time = "2025-10-16T22:16:12.979Z" },
    { url = "https://files.pythonhosted.org/packages/09/bd/3667151ad0702282a1f4d5d29288fce8a13c8b6858bf0978c219cd52b231/uvloop-0.22.1-cp310-cp310-manylinux2014_aarch64.manylinux_2_17_aarch64.manylinux_2_28_aarch64.whl", hash = "sha256:ac33ed96229b7790eb729702751c0e93ac5bc3bcf52ae9eccbff30da09194b86", size = 3648499, upload-time = "2025-10-16T22:16:14.451Z" },
    { url = "https://files.pythonhosted.org/packages/b3/f6/21657bb3beb5f8c57ce8be3b83f653dd7933c2fd00545ed1b092d464799a/uvloop-0.22.1-cp310-cp310-manylinux2014_x86_64.manylinux_2_17_x86_64.manylinux_2_28_x86_64.whl", hash = "sha256:481c990a7abe2c6f4fc3d98781cc9426ebd7f03a9aaa7eb03d3bfc68ac2a46bd", size = 3700133, upload-time = "2025-10-16T22:16:16.272Z" },
    { url = "https://files.pythonhosted.org/packages/09/e0/604f61d004ded805f24974c87ddd8374ef675644f476f01f1df90e4cdf72/uvloop-0.22.1-cp310-cp310-musllinux_1_2_aarch64.whl", hash = "sha256:a592b043a47ad17911add5fbd087c76716d7c9ccc1d64ec9249ceafd735f03c2", size = 3512681, upload-time = "2025-10-16T22:16:18.07Z" },
    { url = "https://files.pythonhosted.org/packages/bb/ce/8491fd370b0230deb5eac69c7aae35b3be527e25a911c0acdffb922dc1cd/uvloop-0.22.1-cp310-cp310-musllinux_1_2_x86_64.whl", hash = "sha256:1489cf791aa7b6e8c8be1c5a080bae3a672791fcb4e9e12249b05862a2ca9cec", size = 3615261, upload-time = "2025-10-16T22:16:19.596Z" },
]

[[package]]
name = "watchfiles"
version = "1.2.0"
source = { registry = "https://pypi.org/simple" }
dependencies = [
    { name = "anyio" },
]
sdist = { url = "https://files.pythonhosted.org/packages/cd/41/5e1a4bb12aac5f1493fa1bdc11154eca3b258ca4eba65d39c473fe19d8e9/watchfiles-1.2.0.tar.gz", hash = "sha256:c995fba777f1ea992f090f9236e9284cf7a5d1a0130dd5a3d82c598cacd76838", size = 108252, upload-time = "2026-05-18T04:32:04.251Z" }
wheels = [
    { url = "https://files.pythonhosted.org/packages/0d/5a/2bf22ecb24916983bf1cc0095e7dea2741d14d6553b0d6a2ac8bc96eca93/watchfiles-1.2.0-cp310-cp310-macosx_10_12_x86_64.whl", hash = "sha256:bb68bf4df85abebe5efddc53cf2075520f243a59868d9b3973278b23e76962a9", size = 400471, upload-time = "2026-05-18T04:31:08.908Z" },
    { url = "https://files.pythonhosted.org/packages/55/70/dea1f6a0e76607841a60fb51af150e70124864673f61704abb62b90cdcc7/watchfiles-1.2.0-cp310-cp310-macosx_11_0_arm64.whl", hash = "sha256:c16cb06dd17d43b9d185094268459eac92c9538356f050e55b54e82cf700e1d4", size = 394599, upload-time = "2026-05-18T04:30:19.845Z" },
    { url = "https://files.pythonhosted.org/packages/18/52/752dcc7dc817baef5e89518732925795ce52e36a683a9a3c9fb68b21504e/watchfiles-1.2.0-cp310-cp310-manylinux_2_17_aarch64.manylinux2014_aarch64.whl", hash = "sha256:77a0feab9af4c021c581f695258c642b3d10c5fd4c676e33a0d8606425d82631", size = 455458, upload-time = "2026-05-18T04:30:29.126Z" },
    { url = "https://files.pythonhosted.org/packages/12/48/366ebbb22fcc504c2f72b45f0b7e72f40a18795cc01752c16066d597b67a/watchfiles-1.2.0-cp310-cp310-manylinux_2_17_armv7l.manylinux2014_armv7l.whl", hash = "sha256:a16ffe19bf5cf9f5edaa1ad1dd830c5a816e8feec430c522302ab55483a4b994", size = 460513, upload-time = "2026-05-18T04:31:40.85Z" },
    { url = "https://files.pythonhosted.org/packages/ad/44/1f9e1b15e7a729062e0d0c3d0d7225ea4ab98b2267ef87287153be2495fc/watchfiles-1.2.0-cp310-cp310-manylinux_2_17_i686.manylinux2014_i686.whl", hash = "sha256:204f299afcbd65918ab78dbc52626b0ae45e9d8cef403fdbf33ecf9e40eac66e", size = 493616, upload-time = "2026-05-18T04:30:58.47Z" },
    { url = "https://files.pythonhosted.org/packages/7e/55/8b1086dcc8a1d6a697a62767bd7ea368e74c61c6fd171683cfe24a3fe5d2/watchfiles-1.2.0-cp310-cp310-manylinux_2_17_ppc64le.manylinux2014_ppc64le.whl", hash = "sha256:11743adfa510bfffebe97659fb280182b5c9b238708f667e866f308c3430dc19", size = 573154, upload-time = "2026-05-18T04:30:37.903Z" },
    { url = "https://files.pythonhosted.org/packages/14/7a/242f400cc77fafa7b18d53d19d9cb64fc6a6f61f28c55913bae7c674d92a/watchfiles-1.2.0-cp310-cp310-manylinux_2_17_s390x.manylinux2014_s390x.whl", hash = "sha256:eb72919d93e3a16fc451d3aa3d4b1698423daca1b382d3d959c9ac51297c12a8", size = 467046, upload-time = "2026-05-18T04:30:41.869Z" },
    { url = "https://files.pythonhosted.org/packages/02/c8/79eee650c62d2c186598489814468e389b5def0ebe755399ff645b35b1b2/watchfiles-1.2.0-cp310-cp310-manylinux_2_17_x86_64.manylinux2014_x86_64.whl", hash = "sha256:b62f042afde2dde21ec1d2c1a74361e804673df86f51e418a999c9acfe671b07", size = 457100, upload-time = "2026-05-18T04:31:13.064Z" },
    { url = "https://files.pythonhosted.org/packages/81/36/519f6dbb7a95e4fe7c1513ed25b1520295ef9905a27f1f2226a73892bfb7/watchfiles-1.2.0-cp310-cp310-manylinux_2_31_riscv64.whl", hash = "sha256:027ae72bfdfd254862065d8b3e2a815c6ab9b1853ce41e6648ece84afd34a551", size = 467038, upload-time = "2026-05-18T04:30:32.915Z" },
    { url = "https://files.pythonhosted.org/packages/2f/12/951af6b9f89097e02511122258402cb3578443021930b70cf968d6310dc0/watchfiles-1.2.0-cp310-cp310-musllinux_1_1_aarch64.whl", hash = "sha256:e1cfd51e97e13ff3bd047c140764d277fc9b95b7cb5da59e46a47d167adab310", size = 632563, upload-time = "2026-05-18T04:30:11.539Z" },
    { url = "https://files.pythonhosted.org/packages/28/cc/0cba1f0a6117b7ec117271bdc3cb3a5a252005959755a2c09a745e0942cc/watchfiles-1.2.0-cp310-cp310-musllinux_1_1_x86_64.whl", hash = "sha256:24b2405c0a46738dd9e1cf7135aa5dbdb9d42d024628651b3b13d5117e99f8df", size = 660851, upload-time = "2026-05-18T04:31:53.186Z" },
    { url = "https://files.pythonhosted.org/packages/d0/f2/26347558cc8bf6877845e66b315f644d03c173906aa09e233a3f4fd23928/watchfiles-1.2.0-cp310-cp310-win32.whl", hash = "sha256:8c520725602756229f045b032a1ff33d7ef0f7404189d62f6c2438cb6d8ef6a1", size = 277023, upload-time = "2026-05-18T04:30:18.825Z" },
    { url = "https://files.pythonhosted.org/packages/6d/68/a5e67b6b68e94f4c1511d61c46c55eba0737583620b6febf194c7b9cc23f/watchfiles-1.2.0-cp310-cp310-win_amd64.whl", hash = "sha256:03b14855c6f35539e2d95c442ae9530a75762f1e26567152b9ed05f96534a74d", size = 290107, upload-time = "2026-05-18T04:32:09.677Z" },
]

[[package]]
name = "websockets"
version = "16.1.1"
source = { registry = "https://pypi.org/simple" }
sdist = { url = "https://files.pythonhosted.org/packages/21/f7/bc3a25c5ec26ce62ce487690becc2f3710bbc7b33338f005ad390db0b986/websockets-16.1.1.tar.gz", hash = "sha256:db234eda965dcce15df96bb9709f587cd87d4d52aaf0e80e2f34ec04c7670c57", size = 182204, upload-time = "2026-07-17T22:51:05.858Z" }
wheels = [
    { url = "https://files.pythonhosted.org/packages/08/e7/d1671fb984f9dd844e1da5288070c7c23c9eaba3082d3871aae19c3ab8b9/websockets-16.1.1-cp310-cp310-macosx_10_9_universal2.whl", hash = "sha256:49ae99bdfcae803a885c926bf14f886196e84925395bb3f568fef5c0f0979d7d", size = 179570, upload-time = "2026-07-17T22:48:24.032Z" },
    { url = "https://files.pythonhosted.org/packages/99/f5/70df723bf571f5e0b1b845e0a4ff1c966eeb84f667599fc251caa37d15a3/websockets-16.1.1-cp310-cp310-macosx_10_9_x86_64.whl", hash = "sha256:5bfd1ac19b1b9986a9c95a82d5e23a391ebb09e12c34d7be6094b86efcc35731", size = 177252, upload-time = "2026-07-17T22:48:25.775Z" },
    { url = "https://files.pythonhosted.org/packages/90/72/2f14b2e167170b8bf1c8bb7f9b0d78000f470d41a2085a91f33e3917b6c9/websockets-16.1.1-cp310-cp310-macosx_11_0_arm64.whl", hash = "sha256:9246a0d063cfcbcc85f2359dd6876d681213f4790832272aa16641b4ed5d64d4", size = 177530, upload-time = "2026-07-17T22:48:27.337Z" },
    { url = "https://files.pythonhosted.org/packages/f3/18/a17e2f0cde02dc10154c808deed7e1d8528afff93612f70d3f0a5b19b011/websockets-16.1.1-cp310-cp310-manylinux1_x86_64.manylinux_2_28_x86_64.manylinux_2_5_x86_64.whl", hash = "sha256:1214e673c404684b9bf7154f5cf43b45025b1a6160fac3a9e438e9c1a97e22cb", size = 186038, upload-time = "2026-07-17T22:48:28.756Z" },
    { url = "https://files.pythonhosted.org/packages/d5/b0/41de283899cf5929d637b72a508cdbc9aa40dc0f317c6b77613fd1000488/websockets-16.1.1-cp310-cp310-manylinux2014_aarch64.manylinux_2_17_aarch64.manylinux_2_28_aarch64.whl", hash = "sha256:90001d893bc368e302ef168d82130b4e4fdd27b85fa094682df9b667c2d48838", size = 187278, upload-time = "2026-07-17T22:48:30.328Z" },
    { url = "https://files.pythonhosted.org/packages/50/61/874aab5257e027f9f61b5004cec65e592babca7942b1bc09f38e72b7f1fd/websockets-16.1.1-cp310-cp310-manylinux2014_armv7l.manylinux_2_17_armv7l.manylinux_2_31_armv7l.whl", hash = "sha256:130937b167a52af203c8d58e78d67705874e82759862e3b9671a452fec4abc87", size = 189936, upload-time = "2026-07-17T22:48:31.896Z" },
    { url = "https://files.pythonhosted.org/packages/a6/1a/42173913ac5519607220849ed417c864d77384e4119f06dbba964a50f096/websockets-16.1.1-cp310-cp310-manylinux2014_ppc64le.manylinux_2_17_ppc64le.manylinux_2_28_ppc64le.whl", hash = "sha256:9c9f23004a3d40e89c01a7955d186a6cc83418d93b749701944ce2de3e95a1f3", size = 187796, upload-time = "2026-07-17T22:48:33.344Z" },
    { url = "https://files.pythonhosted.org/packages/1b/f4/37c1840bd89b529479aec41470b97b7c683b107ca90b6399ac5afb99dedf/websockets-16.1.1-cp310-cp310-manylinux2014_s390x.manylinux_2_17_s390x.manylinux_2_28_s390x.whl", hash = "sha256:f55f0b01956a094c8587146d9558c91937e78789c333860ffaf35931a6e5dbc4", size = 186481, upload-time = "2026-07-17T22:48:34.843Z" },
    { url = "https://files.pythonhosted.org/packages/9e/70/652d9b964adcfbeb056f42e0ca6bece34d108fe75534e74df20643cae199/websockets-16.1.1-cp310-cp310-manylinux_2_31_riscv64.manylinux_2_39_riscv64.whl", hash = "sha256:6aaface73b9c71974c6497366d8b9628357f6c9749e09c4ea3610176c63f2ae3", size = 184351, upload-time = "2026-07-17T22:48:36.307Z" },
    { url = "https://files.pythonhosted.org/packages/13/f1/af3850e5d48d482921985be72ebcb169c6180b3a77b57bd612deebcee23b/websockets-16.1.1-cp310-cp310-musllinux_1_2_aarch64.whl", hash = "sha256:dc0fad4933f427acd5b1cec210f3ea6dce7089e1724e4b9ec6ef47c6c04d1b3b", size = 186791, upload-time = "2026-07-17T22:48:37.762Z" },
    { url = "https://files.pythonhosted.org/packages/1d/40/1a4e3ed4969ec378dcad337e5f1472c5e292cb3e733bc392f0dc2e230abd/websockets-16.1.1-cp310-cp310-musllinux_1_2_armv7l.whl", hash = "sha256:f2769a0344a09e9ccf5b3cce538bc75a51b53eff3275d3896310c8552049195d", size = 185413, upload-time = "2026-07-17T22:48:39.127Z" },
    { url = "https://files.pythonhosted.org/packages/aa/3e/4e3fa1afe8f1a6a780434cd9ba8eb422632b044eff3dd73f6af67523c147/websockets-16.1.1-cp310-cp310-musllinux_1_2_ppc64le.whl", hash = "sha256:f70541f3104339f59f830522d94ebadb1bf47426287381623443d8bb1cdbf33d", size = 187178, upload-time = "2026-07-17T22:48:40.676Z" },
    { url = "https://files.pythonhosted.org/packages/71/ab/dd742766aa5dda7f349be0de49e4d565b84cf6f7f7fa02e07692f0f2bdd9/websockets-16.1.1-cp310-cp310-musllinux_1_2_riscv64.whl", hash = "sha256:dc385593a42e31cd6fb60c19f0ecb015b386603818fc2c6c274fb42bd2bb4165", size = 185051, upload-time = "2026-07-17T22:48:42.098Z" },
    { url = "https://files.pythonhosted.org/packages/ae/f5/76438c6560f416f1c0a7f587679fb97cc6e99ed336011d43ce2002dd27c1/websockets-16.1.1-cp310-cp310-musllinux_1_2_s390x.whl", hash = "sha256:387e8e4aa5df2f90b198fa3cad3478822a89cf905b6a6d6c97dc3664689640cc", size = 185846, upload-time = "2026-07-17T22:48:43.472Z" },
    { url = "https://files.pythonhosted.org/packages/62/12/5c0320f2127823d27b2d56d611d31b0b284ad4edcb41364d66bf4c92b537/websockets-16.1.1-cp310-cp310-musllinux_1_2_x86_64.whl", hash = "sha256:fd46fff7eb62c24804d234f0051c7a8ea81285ad63e0337d3dcf33ca82aee58a", size = 186066, upload-time = "2026-07-17T22:48:44.884Z" },
    { url = "https://files.pythonhosted.org/packages/a2/97/875986b857b955c3f9dd192cb8a1af81254dfb2ea22cc9590f0a1e020b8b/websockets-16.1.1-cp310-cp310-win32.whl", hash = "sha256:7883388947767080f094950b342b30d35a2a06b849cd967c422fa0db72b40ea9", size = 179940, upload-time = "2026-07-17T22:48:46.481Z" },
    { url = "https://files.pythonhosted.org/packages/54/82/1013a5fe7ddae8e102bc3b4b39db81d8d28fd02100a324ce6ede8cd832b1/websockets-16.1.1-cp310-cp310-win_amd64.whl", hash = "sha256:d57685547e0060cc6fd90ee6a28405d6bd395e525545f13c8d7cd99c78afd79f", size = 180239, upload-time = "2026-07-17T22:48:48.043Z" },
    { url = "https://files.pythonhosted.org/packages/be/4d/2d0d67834092e354d2b0498f014a41249a89556bc406cf86f3e1557bb463/websockets-16.1.1-py3-none-any.whl", hash = "sha256:6abbd3e82c731c8e531714466acd5d87b5e88ac3243465337ba71d68e23ae7e3", size = 173814, upload-time = "2026-07-17T22:51:04.184Z" },
]
